
Microsoft Visual Studio Solution File, Format Version 12.00
# Visual Studio Version 17
VisualStudioVersion = 17.3.32901.215
MinimumVisualStudioVersion = 10.0.40219.1
Project("{FAE04EC0-301F-11D3-BF4B-00C04F79EFBC}") = "AttributesAssemblyLoadTest", "AttributesAssemblyLoadTest\AttributesAssemblyLoadTest.csproj", "{4386EBD5-4EB7-4CE9-B20F-35AA5D0B3887}"
EndProject
Project("{FAE04EC0-301F-11D3-BF4B-00C04F79EFBC}") = "DynamicBindingTest", "DynamicBindingTest\DynamicBindingTest.csproj", "{17413A21-7560-406E-8A07-3D86E3657B1E}"
EndProject
Project("{FAE04EC0-301F-11D3-BF4B-00C04F79EFBC}") = "IOTest", "IOTest\IOTest.csproj", "{32617299-6FAE-4EE3-BE8A-9127AD7C98BB}"
EndProject
Project("{FAE04EC0-301F-11D3-BF4B-00C04F79EFBC}") = "GCMemoryTest", "GCMemoryTest\GCMemoryTest.csproj", "{2DA5642E-2933-467C-8C62-88D4B42430FE}"
EndProject
Global
	GlobalSection(SolutionConfigurationPlatforms) = preSolution
		Debug|Any CPU = Debug|Any CPU
		Release|Any CPU = Release|Any CPU
	EndGlobalSection
	GlobalSection(ProjectConfigurationPlatforms) = postSolution
		{4386EBD5-4EB7-4CE9-B20F-35AA5D0B3887}.Debug|Any CPU.ActiveCfg = Debug|Any CPU
		{4386EBD5-4EB7-4CE9-B20F-35AA5D0B3887}.Debug|Any CPU.Build.0 = Debug|Any CPU
		{4386EBD5-4EB7-4CE9-B20F-35AA5D0B3887}.Release|Any CPU.ActiveCfg = Release|Any CPU
		{4386EBD5-4EB7-4CE9-B20F-35AA5D0B3887}.Release|Any CPU.Build.0 = Release|Any CPU
		{17413A21-7560-406E-8A07-3D86E3657B1E}.Debug|Any CPU.ActiveCfg = Debug|Any CPU
		{17413A21-7560-406E-8A07-3D86E3657B1E}.Debug|Any CPU.Build.0 = Debug|Any CPU
		{17413A21-7560-406E-8A07-3D86E3657B1E}.Release|Any CPU.ActiveCfg = Release|Any CPU
		{17413A21-7560-406E-8A07-3D86E3657B1E}.Release|Any CPU.Build.0 = Release|Any CPU
		{32617299-6FAE-4EE3-BE8A-9127AD7C98BB}.Debug|Any CPU.ActiveCfg = Debug|Any CPU
		{32617299-6FAE-4EE3-BE8A-9127AD7C98BB}.Debug|Any CPU.Build.0 = Debug|Any CPU
		{32617299-6FAE-4EE3-BE8A-9127AD7C98BB}.Release|Any CPU.ActiveCfg = Release|Any CPU
		{32617299-6FAE-4EE3-BE8A-9127AD7C98BB}.Release|Any CPU.Build.0 = Release|Any CPU
		{2DA5642E-2933-467C-8C62-88D4B42430FE}.Debug|Any CPU.ActiveCfg = Debug|Any CPU
		{2DA5642E-2933-467C-8C62-88D4B42430FE}.Debug|Any CPU.Build.0 = Debug|Any CPU
		{2DA5642E-2933-467C-8C62-88D4B42430FE}.Release|Any CPU.ActiveCfg = Release|Any CPU
		{2DA5642E-2933-467C-8C62-88D4B42430FE}.Release|Any CPU.Build.0 = Release|Any CPU
	EndGlobalSection
	GlobalSection(SolutionProperties) = preSolution
		HideSolutionNode = FALSE
	EndGlobalSection
	GlobalSection(ExtensibilityGlobals) = postSolution
		SolutionGuid = {F78A237D-3A18-4E43-8FBF-298B5A3915FB}
	EndGlobalSection
EndGlobal
