
Microsoft Visual Studio Solution File, Format Version 12.00
# Visual Studio Version 17
VisualStudioVersion = 17.3.32901.215
MinimumVisualStudioVersion = 10.0.40219.1
Project("{FAE04EC0-301F-11D3-BF4B-00C04F79EFBC}") = "CollectionTest2", "CollectionTest2\CollectionTest2.csproj", "{3952D065-3CC4-4869-8C90-34408116EFE4}"
EndProject
Project("{FAE04EC0-301F-11D3-BF4B-00C04F79EFBC}") = "Utils", "Utils\Utils.csproj", "{C836ACD1-6F7D-4AD0-867E-FFC29960BDF5}"
EndProject
Global
	GlobalSection(SolutionConfigurationPlatforms) = preSolution
		Debug|Any CPU = Debug|Any CPU
		Release|Any CPU = Release|Any CPU
	EndGlobalSection
	GlobalSection(ProjectConfigurationPlatforms) = postSolution
		{3952D065-3CC4-4869-8C90-34408116EFE4}.Debug|Any CPU.ActiveCfg = Debug|Any CPU
		{3952D065-3CC4-4869-8C90-34408116EFE4}.Debug|Any CPU.Build.0 = Debug|Any CPU
		{3952D065-3CC4-4869-8C90-34408116EFE4}.Release|Any CPU.ActiveCfg = Release|Any CPU
		{3952D065-3CC4-4869-8C90-34408116EFE4}.Release|Any CPU.Build.0 = Release|Any CPU
		{C836ACD1-6F7D-4AD0-867E-FFC29960BDF5}.Debug|Any CPU.ActiveCfg = Debug|Any CPU
		{C836ACD1-6F7D-4AD0-867E-FFC29960BDF5}.Debug|Any CPU.Build.0 = Debug|Any CPU
		{C836ACD1-6F7D-4AD0-867E-FFC29960BDF5}.Release|Any CPU.ActiveCfg = Release|Any CPU
		{C836ACD1-6F7D-4AD0-867E-FFC29960BDF5}.Release|Any CPU.Build.0 = Release|Any CPU
	EndGlobalSection
	GlobalSection(SolutionProperties) = preSolution
		HideSolutionNode = FALSE
	EndGlobalSection
	GlobalSection(ExtensibilityGlobals) = postSolution
		SolutionGuid = {09633A28-51BD-45FF-9FE2-71718A10BA6A}
	EndGlobalSection
EndGlobal
